
Microsoft Visual Studio Solution File, Format Version 12.00
# Visual Studio 15
VisualStudioVersion = 15.0.28307.902
MinimumVisualStudioVersion = 10.0.40219.1
Project("{FAE04EC0-301F-11D3-BF4B-00C04F79EFBC}") = "Clinic.DataAccessLayer", "Clinic.DataAccessLayer\Clinic.DataAccessLayer.csproj", "{ADDB9847-2FA4-46C8-BE97-CC84905F8319}"
EndProject
Project("{FAE04EC0-301F-11D3-BF4B-00C04F79EFBC}") = "ClinicMVC", "ClinicMVC\ClinicMVC.csproj", "{B747AE49-AB2E-4CDB-83C9-7B2247A9488F}"
EndProject
Project("{FAE04EC0-301F-11D3-BF4B-00C04F79EFBC}") = "Clinic.Entities", "Clinic.Entities\Clinic.Entities.csproj", "{D9384F35-28F2-4125-B0F7-35228904ED4D}"
EndProject
Global
	GlobalSection(SolutionConfigurationPlatforms) = preSolution
		Debug|Any CPU = Debug|Any CPU
		Release|Any CPU = Release|Any CPU
	EndGlobalSection
	GlobalSection(ProjectConfigurationPlatforms) = postSolution
		{ADDB9847-2FA4-46C8-BE97-CC84905F8319}.Debug|Any CPU.ActiveCfg = Debug|Any CPU
		{ADDB9847-2FA4-46C8-BE97-CC84905F8319}.Debug|Any CPU.Build.0 = Debug|Any CPU
		{ADDB9847-2FA4-46C8-BE97-CC84905F8319}.Release|Any CPU.ActiveCfg = Release|Any CPU
		{ADDB9847-2FA4-46C8-BE97-CC84905F8319}.Release|Any CPU.Build.0 = Release|Any CPU
		{B747AE49-AB2E-4CDB-83C9-7B2247A9488F}.Debug|Any CPU.ActiveCfg = Debug|Any CPU
		{B747AE49-AB2E-4CDB-83C9-7B2247A9488F}.Debug|Any CPU.Build.0 = Debug|Any CPU
		{B747AE49-AB2E-4CDB-83C9-7B2247A9488F}.Release|Any CPU.ActiveCfg = Release|Any CPU
		{B747AE49-AB2E-4CDB-83C9-7B2247A9488F}.Release|Any CPU.Build.0 = Release|Any CPU
		{D9384F35-28F2-4125-B0F7-35228904ED4D}.Debug|Any CPU.ActiveCfg = Debug|Any CPU
		{D9384F35-28F2-4125-B0F7-35228904ED4D}.Debug|Any CPU.Build.0 = Debug|Any CPU
		{D9384F35-28F2-4125-B0F7-35228904ED4D}.Release|Any CPU.ActiveCfg = Release|Any CPU
		{D9384F35-28F2-4125-B0F7-35228904ED4D}.Release|Any CPU.Build.0 = Release|Any CPU
	EndGlobalSection
	GlobalSection(SolutionProperties) = preSolution
		HideSolutionNode = FALSE
	EndGlobalSection
	GlobalSection(ExtensibilityGlobals) = postSolution
		SolutionGuid = {A64E0FF2-19EF-4365-BBB5-E0B47B8930FF}
	EndGlobalSection
EndGlobal
